version = 1
revision = 3
requires-python = ">=3.13"

[[package]]
name = "asteval"
version = "1.0.9"
source = { registry = "https://pypi.org/simple" }
sdist = { url = "https://files.pythonhosted.org/packages/b1/71/bec6758ab41ada3b6870cb194ea16d2e76bb530562c8a8cd7d2167012bea/asteval-1.0.9.tar.gz", hash = "sha256:4f7323d63d9fbf89d7e1d5f8bb59b6c093970c15bb5926e6e67d0195858aa230", size = 55237, upload-time = "2026-06-11T18:40:36.086Z" }
wheels = [
    { url = "https://files.pythonhosted.org/packages/fe/d7/a71b12b625c44cfcb95d41397752edccc0a731903081609cffd6720f671d/asteval-1.0.9-py3-none-any.whl", hash = "sha256:60513ea5d608d27bdb0cf3785dc993a6c3adeaee45f1bded0953a09e904e461f", size = 23320, upload-time = "2026-06-11T18:40:35.068Z" },
]

[[package]]
name = "lecture-02"
version = "0.1.0"
source = { virtual = "." }
dependencies = [
    { name = "asteval" },
]

[package.metadata]
requires-dist = [{ name = "asteval", specifier = ">=1.0.9" }]
